# THIS IS AN AUTOGENERATED FILE. DO NOT EDIT THIS FILE DIRECTLY.
# yarn lockfile v1


appr-core@^0.0.1:
  version "0.0.1"
  resolved "https://registry.yarnpkg.com/appr-core/-/appr-core-0.0.1.tgz#22922fb127907d4b2e64f1c2f2f1a7f9692d7f21"
  dependencies:
    ramda "^0.23.0"

ramda@^0.23.0:
  version "0.23.0"
  resolved "https://registry.yarnpkg.com/ramda/-/ramda-0.23.0.tgz#ccd13fff73497a93974e3e86327bfd87bd6e8e2b"
